
Microsoft Visual Studio Solution File, Format Version 12.00
# Visual Studio Version 17
VisualStudioVersion = 17.14.36414.22 d17.14
MinimumVisualStudioVersion = 10.0.40219.1
Project("{FAE04EC0-301F-11D3-BF4B-00C04F79EFBC}") = "TravelProject", "TravelProject\TravelProject.csproj", "{26CA715D-7F14-49BE-922B-39F446BC2045}"
EndProject
Project("{FAE04EC0-301F-11D3-BF4B-00C04F79EFBC}") = "TravelProject.Tests", "TravelProject.Tests\TravelProject.Tests.csproj", "{9DCACCD9-AF6A-45E0-8BE0-7006F9F177C6}"
EndProject
Global
	GlobalSection(SolutionConfigurationPlatforms) = preSolution
		Debug|Any CPU = Debug|Any CPU
		Release|Any CPU = Release|Any CPU
	EndGlobalSection
	GlobalSection(ProjectConfigurationPlatforms) = postSolution
		{26CA715D-7F14-49BE-922B-39F446BC2045}.Debug|Any CPU.ActiveCfg = Debug|Any CPU
		{26CA715D-7F14-49BE-922B-39F446BC2045}.Debug|Any CPU.Build.0 = Debug|Any CPU
		{26CA715D-7F14-49BE-922B-39F446BC2045}.Release|Any CPU.ActiveCfg = Release|Any CPU
		{26CA715D-7F14-49BE-922B-39F446BC2045}.Release|Any CPU.Build.0 = Release|Any CPU
		{9DCACCD9-AF6A-45E0-8BE0-7006F9F177C6}.Debug|Any CPU.ActiveCfg = Debug|Any CPU
		{9DCACCD9-AF6A-45E0-8BE0-7006F9F177C6}.Debug|Any CPU.Build.0 = Debug|Any CPU
		{9DCACCD9-AF6A-45E0-8BE0-7006F9F177C6}.Release|Any CPU.ActiveCfg = Release|Any CPU
		{9DCACCD9-AF6A-45E0-8BE0-7006F9F177C6}.Release|Any CPU.Build.0 = Release|Any CPU
	EndGlobalSection
	GlobalSection(SolutionProperties) = preSolution
		HideSolutionNode = FALSE
	EndGlobalSection
	GlobalSection(ExtensibilityGlobals) = postSolution
		SolutionGuid = {D1F0A337-07CF-42C3-8579-4906F7BCF8F5}
	EndGlobalSection
EndGlobal
